
Microsoft Visual Studio Solution File, Format Version 12.00
# Visual Studio 15
VisualStudioVersion = 15.0.28010.2048
MinimumVisualStudioVersion = 10.0.40219.1
Project("{FAE04EC0-301F-11D3-BF4B-00C04F79EFBC}") = "Sample", "Sample\Sample.csproj", "{0979406C-1CDD-4CC8-BCE0-D8D04F9084FD}"
EndProject
Global
	GlobalSection(SolutionConfigurationPlatforms) = preSolution
		Debug|Any CPU = Debug|Any CPU
		Release|Any CPU = Release|Any CPU
	EndGlobalSection
	GlobalSection(ProjectConfigurationPlatforms) = postSolution
		{0979406C-1CDD-4CC8-BCE0-D8D04F9084FD}.Debug|Any CPU.ActiveCfg = Debug|Any CPU
		{0979406C-1CDD-4CC8-BCE0-D8D04F9084FD}.Debug|Any CPU.Build.0 = Debug|Any CPU
		{0979406C-1CDD-4CC8-BCE0-D8D04F9084FD}.Release|Any CPU.ActiveCfg = Release|Any CPU
		{0979406C-1CDD-4CC8-BCE0-D8D04F9084FD}.Release|Any CPU.Build.0 = Release|Any CPU
	EndGlobalSection
	GlobalSection(SolutionProperties) = preSolution
		HideSolutionNode = FALSE
	EndGlobalSection
	GlobalSection(ExtensibilityGlobals) = postSolution
		SolutionGuid = {B50DD532-2955-4BBE-BB53-4434696EB907}
	EndGlobalSection
EndGlobal
